# THIS IS AN AUTOGENERATED FILE. DO NOT EDIT THIS FILE DIRECTLY.
# yarn lockfile v1


bignumber.js@^9.0.1:
  version "9.0.1"
  resolved "https://registry.npm.taobao.org/bignumber.js/download/bignumber.js-9.0.1.tgz#8d7ba124c882bfd8e43260c67475518d0689e4e5"
  integrity sha1-jXuhJMiCv9jkMmDGdHVRjQaJ5OU=

lodash@^4.17.21:
  version "4.17.21"
  resolved "https://registry.npm.taobao.org/lodash/download/lodash-4.17.21.tgz#679591c564c3bffaae8454cf0b3df370c3d6911c"
  integrity sha1-Z5WRxWTDv/quhFTPCz3zcMPWkRw=

typescript@^4.2.4:
  version "4.3.5"
  resolved "https://registry.nlark.com/typescript/download/typescript-4.3.5.tgz#4d1c37cc16e893973c45a06886b7113234f119f4"
  integrity sha1-TRw3zBbok5c8RaBohrcRMjTxGfQ=
